{
  "originHash" : "8f8586967760b678f9e9c2d89b33e6b234500127d7036abb30413edbc50b225e",
  "pins" : [
    {
      "identity" : "unforgettable-sdk",
      "kind" : "remoteSourceControl",
      "location" : "https://github.com/rarimo/unforgettable-sdk",
      "state" : {
        "revision" : "1751ea125016b1a513cd5ca352ef435d6efac7b5",
        "version" : "1.0.0"
      }
    }
  ],
  "version" : 3
}
